
Microsoft Visual Studio Solution File, Format Version 12.00
# Visual Studio Version 16
VisualStudioVersion = 16.0.34031.81
MinimumVisualStudioVersion = 10.0.40219.1
Project("{FAE04EC0-301F-11D3-BF4B-00C04F79EFBC}") = "Colas en Cisharp", "Colas en Cisharp\Colas en Cisharp.csproj", "{AFC99B8D-941E-4925-A203-3645A3FBFE98}"
EndProject
Global
	GlobalSection(SolutionConfigurationPlatforms) = preSolution
		Debug|Any CPU = Debug|Any CPU
		Release|Any CPU = Release|Any CPU
	EndGlobalSection
	GlobalSection(ProjectConfigurationPlatforms) = postSolution
		{AFC99B8D-941E-4925-A203-3645A3FBFE98}.Debug|Any CPU.ActiveCfg = Debug|Any CPU
		{AFC99B8D-941E-4925-A203-3645A3FBFE98}.Debug|Any CPU.Build.0 = Debug|Any CPU
		{AFC99B8D-941E-4925-A203-3645A3FBFE98}.Release|Any CPU.ActiveCfg = Release|Any CPU
		{AFC99B8D-941E-4925-A203-3645A3FBFE98}.Release|Any CPU.Build.0 = Release|Any CPU
	EndGlobalSection
	GlobalSection(SolutionProperties) = preSolution
		HideSolutionNode = FALSE
	EndGlobalSection
	GlobalSection(ExtensibilityGlobals) = postSolution
		SolutionGuid = {63081245-1764-4519-AEB1-1F6D7DABDD6C}
	EndGlobalSection
EndGlobal
